Microsoft Visual Studio Solution File, Format Version 12.00
# Visual Studio Version 17
VisualStudioVersion = 17.11.35303.130
MinimumVisualStudioVersion = 10.0.40219.1
Project("{9A19103F-16F7-4668-BE54-9A1E7A4F7556}") = "HexMapBase", "HexMapBase\HexMapBase.csproj", "{730CE1A8-6F93-424D-AAF1-057182BC21EF}"
EndProject
Project("{FAE04EC0-301F-11D3-BF4B-00C04F79EFBC}") = "HexMapBase.Tests", "HexMapBase.Tests\HexMapBase.Tests.csproj", "{98BB2184-5F0C-48DF-8D11-A75C61924E53}"
EndProject
Global
	GlobalSection(SolutionConfigurationPlatforms) = preSolution
		Debug|Any CPU = Debug|Any CPU
		Release|Any CPU = Release|Any CPU
	EndGlobalSection
	GlobalSection(ProjectConfigurationPlatforms) = postSolution
		{730CE1A8-6F93-424D-AAF1-057182BC21EF}.Debug|Any CPU.ActiveCfg = Debug|Any CPU
		{730CE1A8-6F93-424D-AAF1-057182BC21EF}.Debug|Any CPU.Build.0 = Debug|Any CPU
		{730CE1A8-6F93-424D-AAF1-057182BC21EF}.Release|Any CPU.ActiveCfg = Release|Any CPU
		{730CE1A8-6F93-424D-AAF1-057182BC21EF}.Release|Any CPU.Build.0 = Release|Any CPU
		{98BB2184-5F0C-48DF-8D11-A75C61924E53}.Debug|Any CPU.ActiveCfg = Debug|Any CPU
		{98BB2184-5F0C-48DF-8D11-A75C61924E53}.Debug|Any CPU.Build.0 = Debug|Any CPU
		{98BB2184-5F0C-48DF-8D11-A75C61924E53}.Release|Any CPU.ActiveCfg = Release|Any CPU
		{98BB2184-5F0C-48DF-8D11-A75C61924E53}.Release|Any CPU.Build.0 = Release|Any CPU
	EndGlobalSection
	GlobalSection(SolutionProperties) = preSolution
		HideSolutionNode = FALSE
	EndGlobalSection
	GlobalSection(ExtensibilityGlobals) = postSolution
		SolutionGuid = {7585B491-200B-4BAB-A6FD-2A276A3AF7D3}
	EndGlobalSection
EndGlobal
